
Microsoft Visual Studio Solution File, Format Version 12.00
# Visual Studio Version 17
VisualStudioVersion = 17.0.31903.59
MinimumVisualStudioVersion = 10.0.40219.1
Project("{2150E333-8FDC-42A3-9474-1A3956D46DE8}") = "ActiveMq", "ActiveMq", "{DA90F73E-77C6-6D74-0045-F23A5FFE148E}"
EndProject
Project("{2150E333-8FDC-42A3-9474-1A3956D46DE8}") = "Consumer", "Consumer", "{F27B6A94-9051-8A48-C42F-E62EDA561382}"
EndProject
Project("{FAE04EC0-301F-11D3-BF4B-00C04F79EFBC}") = "ActiveMqConsumer", "ActiveMq\Consumer\ActiveMqConsumer\ActiveMqConsumer.csproj", "{B97AB6C5-E089-4A78-BB38-C9BD4B5FBA34}"
EndProject
Project("{2150E333-8FDC-42A3-9474-1A3956D46DE8}") = "Producer", "Producer", "{02EA681E-C7D8-13C7-8484-4AC65E1B71E8}"
EndProject
Project("{FAE04EC0-301F-11D3-BF4B-00C04F79EFBC}") = "ActiveMqProducer", "ActiveMq\Producer\ActiveMqProducer\ActiveMqProducer.csproj", "{D252F04C-CCD4-4594-B9F2-E24E3602BEC5}"
EndProject
Global
	GlobalSection(SolutionConfigurationPlatforms) = preSolution
		Debug|Any CPU = Debug|Any CPU
		Debug|x64 = Debug|x64
		Debug|x86 = Debug|x86
		Release|Any CPU = Release|Any CPU
		Release|x64 = Release|x64
		Release|x86 = Release|x86
	EndGlobalSection
	GlobalSection(ProjectConfigurationPlatforms) = postSolution
		{B97AB6C5-E089-4A78-BB38-C9BD4B5FBA34}.Debug|Any CPU.ActiveCfg = Debug|Any CPU
		{B97AB6C5-E089-4A78-BB38-C9BD4B5FBA34}.Debug|Any CPU.Build.0 = Debug|Any CPU
		{B97AB6C5-E089-4A78-BB38-C9BD4B5FBA34}.Debug|x64.ActiveCfg = Debug|Any CPU
		{B97AB6C5-E089-4A78-BB38-C9BD4B5FBA34}.Debug|x64.Build.0 = Debug|Any CPU
		{B97AB6C5-E089-4A78-BB38-C9BD4B5FBA34}.Debug|x86.ActiveCfg = Debug|Any CPU
		{B97AB6C5-E089-4A78-BB38-C9BD4B5FBA34}.Debug|x86.Build.0 = Debug|Any CPU
		{B97AB6C5-E089-4A78-BB38-C9BD4B5FBA34}.Release|Any CPU.ActiveCfg = Release|Any CPU
		{B97AB6C5-E089-4A78-BB38-C9BD4B5FBA34}.Release|Any CPU.Build.0 = Release|Any CPU
		{B97AB6C5-E089-4A78-BB38-C9BD4B5FBA34}.Release|x64.ActiveCfg = Release|Any CPU
		{B97AB6C5-E089-4A78-BB38-C9BD4B5FBA34}.Release|x64.Build.0 = Release|Any CPU
		{B97AB6C5-E089-4A78-BB38-C9BD4B5FBA34}.Release|x86.ActiveCfg = Release|Any CPU
		{B97AB6C5-E089-4A78-BB38-C9BD4B5FBA34}.Release|x86.Build.0 = Release|Any CPU
		{D252F04C-CCD4-4594-B9F2-E24E3602BEC5}.Debug|Any CPU.ActiveCfg = Debug|Any CPU
		{D252F04C-CCD4-4594-B9F2-E24E3602BEC5}.Debug|Any CPU.Build.0 = Debug|Any CPU
		{D252F04C-CCD4-4594-B9F2-E24E3602BEC5}.Debug|x64.ActiveCfg = Debug|Any CPU
		{D252F04C-CCD4-4594-B9F2-E24E3602BEC5}.Debug|x64.Build.0 = Debug|Any CPU
		{D252F04C-CCD4-4594-B9F2-E24E3602BEC5}.Debug|x86.ActiveCfg = Debug|Any CPU
		{D252F04C-CCD4-4594-B9F2-E24E3602BEC5}.Debug|x86.Build.0 = Debug|Any CPU
		{D252F04C-CCD4-4594-B9F2-E24E3602BEC5}.Release|Any CPU.ActiveCfg = Release|Any CPU
		{D252F04C-CCD4-4594-B9F2-E24E3602BEC5}.Release|Any CPU.Build.0 = Release|Any CPU
		{D252F04C-CCD4-4594-B9F2-E24E3602BEC5}.Release|x64.ActiveCfg = Release|Any CPU
		{D252F04C-CCD4-4594-B9F2-E24E3602BEC5}.Release|x64.Build.0 = Release|Any CPU
		{D252F04C-CCD4-4594-B9F2-E24E3602BEC5}.Release|x86.ActiveCfg = Release|Any CPU
		{D252F04C-CCD4-4594-B9F2-E24E3602BEC5}.Release|x86.Build.0 = Release|Any CPU
	EndGlobalSection
	GlobalSection(SolutionProperties) = preSolution
		HideSolutionNode = FALSE
	EndGlobalSection
	GlobalSection(NestedProjects) = preSolution
		{F27B6A94-9051-8A48-C42F-E62EDA561382} = {DA90F73E-77C6-6D74-0045-F23A5FFE148E}
		{B97AB6C5-E089-4A78-BB38-C9BD4B5FBA34} = {F27B6A94-9051-8A48-C42F-E62EDA561382}
		{02EA681E-C7D8-13C7-8484-4AC65E1B71E8} = {DA90F73E-77C6-6D74-0045-F23A5FFE148E}
		{D252F04C-CCD4-4594-B9F2-E24E3602BEC5} = {02EA681E-C7D8-13C7-8484-4AC65E1B71E8}
	EndGlobalSection
	GlobalSection(ExtensibilityGlobals) = postSolution
		SolutionGuid = {742B4530-C148-4429-8449-0AF1ABB87995}
	EndGlobalSection
EndGlobal
